
Microsoft Visual Studio Solution File, Format Version 12.00
# Visual Studio Version 16
VisualStudioVersion = 16.0.31729.503
MinimumVisualStudioVersion = 10.0.40219.1
Project("{FAE04EC0-301F-11D3-BF4B-00C04F79EFBC}") = "Proyecto-Veterinaria", "Proyecto-Veterinaria.csproj", "{32809600-E04F-4ED7-99D3-1C885131ABB6}"
EndProject
Global
	GlobalSection(SolutionConfigurationPlatforms) = preSolution
		Debug|Any CPU = Debug|Any CPU
		Release|Any CPU = Release|Any CPU
	EndGlobalSection
	GlobalSection(ProjectConfigurationPlatforms) = postSolution
		{32809600-E04F-4ED7-99D3-1C885131ABB6}.Debug|Any CPU.ActiveCfg = Debug|Any CPU
		{32809600-E04F-4ED7-99D3-1C885131ABB6}.Debug|Any CPU.Build.0 = Debug|Any CPU
		{32809600-E04F-4ED7-99D3-1C885131ABB6}.Release|Any CPU.ActiveCfg = Release|Any CPU
		{32809600-E04F-4ED7-99D3-1C885131ABB6}.Release|Any CPU.Build.0 = Release|Any CPU
	EndGlobalSection
	GlobalSection(SolutionProperties) = preSolution
		HideSolutionNode = FALSE
	EndGlobalSection
	GlobalSection(ExtensibilityGlobals) = postSolution
		SolutionGuid = {E90A30BD-A49C-4EF1-B162-5975DD77A909}
	EndGlobalSection
EndGlobal
